// !$*UTF8*$!
{
	archiveVersion = 1;
	classes = {
	};
	objectVersion = 55;
	objects = {

/* Begin PBXBuildFile section */
		1F860B43F940736C7C8EB6ED /* Pods_iOS_POC.framework in Frameworks */ = {isa = PBXBuildFile; fileRef = 4449A6B16E0692873F4C2A32 /* Pods_iOS_POC.framework */; };
		D30E2ED827C952A900F033A5 /* FirebaseManager.swift in Sources */ = {isa = PBXBuildFile; fileRef = D30E2ED727C952A900F033A5 /* FirebaseManager.swift */; };
		D33A26FB27CCAE9A00091C3F /* ProfileViewController.swift in Sources */ = {isa = PBXBuildFile; fileRef = D33A26FA27CCAE9A00091C3F /* ProfileViewController.swift */; };
		D36DC24827CDDFD300DD9D46 /* UserData.swift in Sources */ = {isa = PBXBuildFile; fileRef = D36DC24727CDDFD300DD9D46 /* UserData.swift */; };
		D36DC24E27CE672600DD9D46 /* Alert+ToastExtension.swift in Sources */ = {isa = PBXBuildFile; fileRef = D36DC24D27CE672600DD9D46 /* Alert+ToastExtension.swift */; };
		D36DC25027CE67F300DD9D46 /* StringExtension.swift in Sources */ = {isa = PBXBuildFile; fileRef = D36DC24F27CE67F300DD9D46 /* StringExtension.swift */; };
		D36DC25527CE6E4B00DD9D46 /* Constants.swift in Sources */ = {isa = PBXBuildFile; fileRef = D36DC25427CE6E4B00DD9D46 /* Constants.swift */; };
		D36DC25C27CE989600DD9D46 /* Utilities.swift in Sources */ = {isa = PBXBuildFile; fileRef = D36DC25B27CE989600DD9D46 /* Utilities.swift */; };
		D36DC25F27CE9F2200DD9D46 /* AppNavigationHandler.swift in Sources */ = {isa = PBXBuildFile; fileRef = D36DC25E27CE9F2200DD9D46 /* AppNavigationHandler.swift */; };
		D3B22CF127C898BB00AE34C0 /* AuthViewModel.swift in Sources */ = {isa = PBXBuildFile; fileRef = D3B22CF027C898BB00AE34C0 /* AuthViewModel.swift */; };
		D3C848CD27BF78390095C705 /* AppDelegate.swift in Sources */ = {isa = PBXBuildFile; fileRef = D3C848CC27BF78390095C705 /* AppDelegate.swift */; };
		D3C848CF27BF78390095C705 /* SceneDelegate.swift in Sources */ = {isa = PBXBuildFile; fileRef = D3C848CE27BF78390095C705 /* SceneDelegate.swift */; };
		D3C848D127BF78390095C705 /* LoginViewController.swift in Sources */ = {isa = PBXBuildFile; fileRef = D3C848D027BF78390095C705 /* LoginViewController.swift */; };
		D3C848D427BF78390095C705 /* Main.storyboard in Resources */ = {isa = PBXBuildFile; fileRef = D3C848D227BF78390095C705 /* Main.storyboard */; };
		D3C848D627BF783B0095C705 /* Assets.xcassets in Resources */ = {isa = PBXBuildFile; fileRef = D3C848D527BF783B0095C705 /* Assets.xcassets */; };
		D3C848D927BF783B0095C705 /* LaunchScreen.storyboard in Resources */ = {isa = PBXBuildFile; fileRef = D3C848D727BF783B0095C705 /* LaunchScreen.storyboard */; };
		D3CC6EC427C4FF2900E8FE66 /* GoogleService-Info.plist in Resources */ = {isa = PBXBuildFile; fileRef = D3CC6EC327C4FF2900E8FE66 /* GoogleService-Info.plist */; };
		D3E7208727C4B50100A692C3 /* RegisterViewController.swift in Sources */ = {isa = PBXBuildFile; fileRef = D3E7208627C4B50100A692C3 /* RegisterViewController.swift */; };
		D3E7208927C4B51400A692C3 /* HomeViewController.swift in Sources */ = {isa = PBXBuildFile; fileRef = D3E7208827C4B51400A692C3 /* HomeViewController.swift */; };
		D3FB267C27C8BE8200F33F13 /* MenuListController.swift in Sources */ = {isa = PBXBuildFile; fileRef = D3FB267B27C8BE8200F33F13 /* MenuListController.swift */; };
/* End PBXBuildFile section */

/* Begin PBXFileReference section */
		02B04DF70FA53D16855AFC6C /* Pods-iOS POC.release.xcconfig */ = {isa = PBXFileReference; includeInIndex = 1; lastKnownFileType = text.xcconfig; name = "Pods-iOS POC.release.xcconfig"; path = "Target Support Files/Pods-iOS POC/Pods-iOS POC.release.xcconfig"; sourceTree = "<group>"; };
		4449A6B16E0692873F4C2A32 /* Pods_iOS_POC.framework */ = {isa = PBXFileReference; explicitFileType = wrapper.framework; includeInIndex = 0; path = Pods_iOS_POC.framework; sourceTree = BUILT_PRODUCTS_DIR; };
		7EC942E0BCD0DA4B8201471B /* Pods-iOS POC.debug.xcconfig */ = {isa = PBXFileReference; includeInIndex = 1; lastKnownFileType = text.xcconfig; name = "Pods-iOS POC.debug.xcconfig"; path = "Target Support Files/Pods-iOS POC/Pods-iOS POC.debug.xcconfig"; sourceTree = "<group>"; };
		D30E2ED727C952A900F033A5 /* FirebaseManager.swift */ = {isa = PBXFileReference; lastKnownFileType = sourcecode.swift; path = FirebaseManager.swift; sourceTree = "<group>"; };
		D33A26FA27CCAE9A00091C3F /* ProfileViewController.swift */ = {isa = PBXFileReference; lastKnownFileType = sourcecode.swift; path = ProfileViewController.swift; sourceTree = "<group>"; };
		D36DC24727CDDFD300DD9D46 /* UserData.swift */ = {isa = PBXFileReference; lastKnownFileType = sourcecode.swift; path = UserData.swift; sourceTree = "<group>"; };
		D36DC24D27CE672600DD9D46 /* Alert+ToastExtension.swift */ = {isa = PBXFileReference; lastKnownFileType = sourcecode.swift; path = "Alert+ToastExtension.swift"; sourceTree = "<group>"; };
		D36DC24F27CE67F300DD9D46 /* StringExtension.swift */ = {isa = PBXFileReference; lastKnownFileType = sourcecode.swift; path = StringExtension.swift; sourceTree = "<group>"; };
		D36DC25427CE6E4B00DD9D46 /* Constants.swift */ = {isa = PBXFileReference; lastKnownFileType = sourcecode.swift; path = Constants.swift; sourceTree = "<group>"; };
		D36DC25B27CE989600DD9D46 /* Utilities.swift */ = {isa = PBXFileReference; lastKnownFileType = sourcecode.swift; path = Utilities.swift; sourceTree = "<group>"; };
		D36DC25E27CE9F2200DD9D46 /* AppNavigationHandler.swift */ = {isa = PBXFileReference; lastKnownFileType = sourcecode.swift; path = AppNavigationHandler.swift; sourceTree = "<group>"; };
		D3B22CF027C898BB00AE34C0 /* AuthViewModel.swift */ = {isa = PBXFileReference; lastKnownFileType = sourcecode.swift; path = AuthViewModel.swift; sourceTree = "<group>"; };
		D3C848C927BF78390095C705 /* iOS POC.app */ = {isa = PBXFileReference; explicitFileType = wrapper.application; includeInIndex = 0; path = "iOS POC.app"; sourceTree = BUILT_PRODUCTS_DIR; };
		D3C848CC27BF78390095C705 /* AppDelegate.swift */ = {isa = PBXFileReference; lastKnownFileType = sourcecode.swift; path = AppDelegate.swift; sourceTree = "<group>"; };
		D3C848CE27BF78390095C705 /* SceneDelegate.swift */ = {isa = PBXFileReference; lastKnownFileType = sourcecode.swift; path = SceneDelegate.swift; sourceTree = "<group>"; };
		D3C848D027BF78390095C705 /* LoginViewController.swift */ = {isa = PBXFileReference; lastKnownFileType = sourcecode.swift; path = LoginViewController.swift; sourceTree = "<group>"; };
		D3C848D327BF78390095C705 /* Base */ = {isa = PBXFileReference; lastKnownFileType = file.storyboard; name = Base; path = Base.lproj/Main.storyboard; sourceTree = "<group>"; };
		D3C848D527BF783B0095C705 /* Assets.xcassets */ = {isa = PBXFileReference; lastKnownFileType = folder.assetcatalog; path = Assets.xcassets; sourceTree = "<group>"; };
		D3C848D827BF783B0095C705 /* Base */ = {isa = PBXFileReference; lastKnownFileType = file.storyboard; name = Base; path = Base.lproj/LaunchScreen.storyboard; sourceTree = "<group>"; };
		D3C848DA27BF783B0095C705 /* Info.plist */ = {isa = PBXFileReference; lastKnownFileType = text.plist.xml; path = Info.plist; sourceTree = "<group>"; };
		D3CC6EC327C4FF2900E8FE66 /* GoogleService-Info.plist */ = {isa = PBXFileReference; fileEncoding = 4; lastKnownFileType = text.plist.xml; path = "GoogleService-Info.plist"; sourceTree = "<group>"; };
		D3E7208627C4B50100A692C3 /* RegisterViewController.swift */ = {isa = PBXFileReference; lastKnownFileType = sourcecode.swift; path = RegisterViewController.swift; sourceTree = "<group>"; };
		D3E7208827C4B51400A692C3 /* HomeViewController.swift */ = {isa = PBXFileReference; lastKnownFileType = sourcecode.swift; path = HomeViewController.swift; sourceTree = "<group>"; };
		D3FB267B27C8BE8200F33F13 /* MenuListController.swift */ = {isa = PBXFileReference; lastKnownFileType = sourcecode.swift; path = MenuListController.swift; sourceTree = "<group>"; };
/* End PBXFileReference section */

/* Begin PBXFrameworksBuildPhase section */
		D3C848C627BF78390095C705 /* Frameworks */ = {
			isa = PBXFrameworksBuildPhase;
			buildActionMask = 2147483647;
			files = (
				1F860B43F940736C7C8EB6ED /* Pods_iOS_POC.framework in Frameworks */,
			);
			runOnlyForDeploymentPostprocessing = 0;
		};
/* End PBXFrameworksBuildPhase section */

/* Begin PBXGroup section */
		9CAB58799EC61171981F8826 /* Pods */ = {
			isa = PBXGroup;
			children = (
				7EC942E0BCD0DA4B8201471B /* Pods-iOS POC.debug.xcconfig */,
				02B04DF70FA53D16855AFC6C /* Pods-iOS POC.release.xcconfig */,
			);
			path = Pods;
			sourceTree = "<group>";
		};
		AA29598DEBEB28B1FADB95F3 /* Frameworks */ = {
			isa = PBXGroup;
			children = (
				4449A6B16E0692873F4C2A32 /* Pods_iOS_POC.framework */,
			);
			name = Frameworks;
			sourceTree = "<group>";
		};
		D30E2ED627C9528300F033A5 /* Repository */ = {
			isa = PBXGroup;
			children = (
				D30E2ED727C952A900F033A5 /* FirebaseManager.swift */,
			);
			path = Repository;
			sourceTree = "<group>";
		};
		D36DC24927CDE09200DD9D46 /* Model */ = {
			isa = PBXGroup;
			children = (
				D36DC24727CDDFD300DD9D46 /* UserData.swift */,
			);
			path = Model;
			sourceTree = "<group>";
		};
		D36DC24A27CE5C4400DD9D46 /* Extension */ = {
			isa = PBXGroup;
			children = (
				D36DC24D27CE672600DD9D46 /* Alert+ToastExtension.swift */,
				D36DC24F27CE67F300DD9D46 /* StringExtension.swift */,
			);
			path = Extension;
			sourceTree = "<group>";
		};
		D36DC25327CE6E3800DD9D46 /* Helper */ = {
			isa = PBXGroup;
			children = (
				D36DC25427CE6E4B00DD9D46 /* Constants.swift */,
				D36DC25B27CE989600DD9D46 /* Utilities.swift */,
				D36DC25E27CE9F2200DD9D46 /* AppNavigationHandler.swift */,
			);
			path = Helper;
			sourceTree = "<group>";
		};
		D3C848C027BF78390095C705 = {
			isa = PBXGroup;
			children = (
				D3C848CB27BF78390095C705 /* iOS POC */,
				D3C848CA27BF78390095C705 /* Products */,
				9CAB58799EC61171981F8826 /* Pods */,
				AA29598DEBEB28B1FADB95F3 /* Frameworks */,
			);
			sourceTree = "<group>";
		};
		D3C848CA27BF78390095C705 /* Products */ = {
			isa = PBXGroup;
			children = (
				D3C848C927BF78390095C705 /* iOS POC.app */,
			);
			name = Products;
			sourceTree = "<group>";
		};
		D3C848CB27BF78390095C705 /* iOS POC */ = {
			isa = PBXGroup;
			children = (
				D36DC25327CE6E3800DD9D46 /* Helper */,
				D36DC24A27CE5C4400DD9D46 /* Extension */,
				D36DC24927CDE09200DD9D46 /* Model */,
				D30E2ED627C9528300F033A5 /* Repository */,
				D3CC6EC327C4FF2900E8FE66 /* GoogleService-Info.plist */,
				D3E7208427C4B37700A692C3 /* View Models */,
				D3E7208327C4B35E00A692C3 /* View Controllers */,
				D3C848CC27BF78390095C705 /* AppDelegate.swift */,
				D3C848CE27BF78390095C705 /* SceneDelegate.swift */,
				D3C848D227BF78390095C705 /* Main.storyboard */,
				D3C848D527BF783B0095C705 /* Assets.xcassets */,
				D3C848D727BF783B0095C705 /* LaunchScreen.storyboard */,
				D3C848DA27BF783B0095C705 /* Info.plist */,
			);
			path = "iOS POC";
			sourceTree = "<group>";
		};
		D3E7208327C4B35E00A692C3 /* View Controllers */ = {
			isa = PBXGroup;
			children = (
				D3C848D027BF78390095C705 /* LoginViewController.swift */,
				D3E7208627C4B50100A692C3 /* RegisterViewController.swift */,
				D3E7208827C4B51400A692C3 /* HomeViewController.swift */,
				D3FB267B27C8BE8200F33F13 /* MenuListController.swift */,
				D33A26FA27CCAE9A00091C3F /* ProfileViewController.swift */,
			);
			path = "View Controllers";
			sourceTree = "<group>";
		};
		D3E7208427C4B37700A692C3 /* View Models */ = {
			isa = PBXGroup;
			children = (
				D3B22CF027C898BB00AE34C0 /* AuthViewModel.swift */,
			);
			path = "View Models";
			sourceTree = "<group>";
		};
/* End PBXGroup section */

/* Begin PBXNativeTarget section */
		D3C848C827BF78390095C705 /* iOS POC */ = {
			isa = PBXNativeTarget;
			buildConfigurationList = D3C848DD27BF783B0095C705 /* Build configuration list for PBXNativeTarget "iOS POC" */;
			buildPhases = (
				186ACE25D01FBF1A5F32B7EE /* [CP] Check Pods Manifest.lock */,
				D3C848C527BF78390095C705 /* Sources */,
				D3C848C627BF78390095C705 /* Frameworks */,
				D3C848C727BF78390095C705 /* Resources */,
				2BAB60B68132932B0DEE4B9C /* [CP] Embed Pods Frameworks */,
			);
			buildRules = (
			);
			dependencies = (
			);
			name = "iOS POC";
			productName = "iOS POC";
			productReference = D3C848C927BF78390095C705 /* iOS POC.app */;
			productType = "com.apple.product-type.application";
		};
/* End PBXNativeTarget section */

/* Begin PBXProject section */
		D3C848C127BF78390095C705 /* Project object */ = {
			isa = PBXProject;
			attributes = {
				BuildIndependentTargetsInParallel = 1;
				LastSwiftUpdateCheck = 1320;
				LastUpgradeCheck = 1320;
				TargetAttributes = {
					D3C848C827BF78390095C705 = {
						CreatedOnToolsVersion = 13.2.1;
					};
				};
			};
			buildConfigurationList = D3C848C427BF78390095C705 /* Build configuration list for PBXProject "iOS POC" */;
			compatibilityVersion = "Xcode 13.0";
			developmentRegion = en;
			hasScannedForEncodings = 0;
			knownRegions = (
				en,
				Base,
			);
			mainGroup = D3C848C027BF78390095C705;
			productRefGroup = D3C848CA27BF78390095C705 /* Products */;
			projectDirPath = "";
			projectRoot = "";
			targets = (
				D3C848C827BF78390095C705 /* iOS POC */,
			);
		};
/* End PBXProject section */

/* Begin PBXResourcesBuildPhase section */
		D3C848C727BF78390095C705 /* Resources */ = {
			isa = PBXResourcesBuildPhase;
			buildActionMask = 2147483647;
			files = (
				D3C848D927BF783B0095C705 /* LaunchScreen.storyboard in Resources */,
				D3C848D627BF783B0095C705 /* Assets.xcassets in Resources */,
				D3C848D427BF78390095C705 /* Main.storyboard in Resources */,
				D3CC6EC427C4FF2900E8FE66 /* GoogleService-Info.plist in Resources */,
			);
			runOnlyForDeploymentPostprocessing = 0;
		};
/* End PBXResourcesBuildPhase section */

/* Begin PBXShellScriptBuildPhase section */
		186ACE25D01FBF1A5F32B7EE /* [CP] Check Pods Manifest.lock */ = {
			isa = PBXShellScriptBuildPhase;
			buildActionMask = 2147483647;
			files = (
			);
			inputFileListPaths = (
			);
			inputPaths = (
				"${PODS_PODFILE_DIR_PATH}/Podfile.lock",
				"${PODS_ROOT}/Manifest.lock",
			);
			name = "[CP] Check Pods Manifest.lock";
			outputFileListPaths = (
			);
			outputPaths = (
				"$(DERIVED_FILE_DIR)/Pods-iOS POC-checkManifestLockResult.txt",
			);
			runOnlyForDeploymentPostprocessing = 0;
			shellPath = /bin/sh;
			shellScript = "diff \"${PODS_PODFILE_DIR_PATH}/Podfile.lock\" \"${PODS_ROOT}/Manifest.lock\" > /dev/null\nif [ $? != 0 ] ; then\n    # print error to STDERR\n    echo \"error: The sandbox is not in sync with the Podfile.lock. Run 'pod install' or update your CocoaPods installation.\" >&2\n    exit 1\nfi\n# This output is used by Xcode 'outputs' to avoid re-running this script phase.\necho \"SUCCESS\" > \"${SCRIPT_OUTPUT_FILE_0}\"\n";
			showEnvVarsInLog = 0;
		};
		2BAB60B68132932B0DEE4B9C /* [CP] Embed Pods Frameworks */ = {
			isa = PBXShellScriptBuildPhase;
			buildActionMask = 2147483647;
			files = (
			);
			inputFileListPaths = (
				"${PODS_ROOT}/Target Support Files/Pods-iOS POC/Pods-iOS POC-frameworks-${CONFIGURATION}-input-files.xcfilelist",
			);
			name = "[CP] Embed Pods Frameworks";
			outputFileListPaths = (
				"${PODS_ROOT}/Target Support Files/Pods-iOS POC/Pods-iOS POC-frameworks-${CONFIGURATION}-output-files.xcfilelist",
			);
			runOnlyForDeploymentPostprocessing = 0;
			shellPath = /bin/sh;
			shellScript = "\"${PODS_ROOT}/Target Support Files/Pods-iOS POC/Pods-iOS POC-frameworks.sh\"\n";
			showEnvVarsInLog = 0;
		};
/* End PBXShellScriptBuildPhase section */

/* Begin PBXSourcesBuildPhase section */
		D3C848C527BF78390095C705 /* Sources */ = {
			isa = PBXSourcesBuildPhase;
			buildActionMask = 2147483647;
			files = (
				D3E7208927C4B51400A692C3 /* HomeViewController.swift in Sources */,
				D3C848D127BF78390095C705 /* LoginViewController.swift in Sources */,
				D3C848CD27BF78390095C705 /* AppDelegate.swift in Sources */,
				D3FB267C27C8BE8200F33F13 /* MenuListController.swift in Sources */,
				D36DC24E27CE672600DD9D46 /* Alert+ToastExtension.swift in Sources */,
				D36DC25527CE6E4B00DD9D46 /* Constants.swift in Sources */,
				D30E2ED827C952A900F033A5 /* FirebaseManager.swift in Sources */,
				D3B22CF127C898BB00AE34C0 /* AuthViewModel.swift in Sources */,
				D33A26FB27CCAE9A00091C3F /* ProfileViewController.swift in Sources */,
				D36DC25F27CE9F2200DD9D46 /* AppNavigationHandler.swift in Sources */,
				D36DC25C27CE989600DD9D46 /* Utilities.swift in Sources */,
				D3C848CF27BF78390095C705 /* SceneDelegate.swift in Sources */,
				D36DC24827CDDFD300DD9D46 /* UserData.swift in Sources */,
				D36DC25027CE67F300DD9D46 /* StringExtension.swift in Sources */,
				D3E7208727C4B50100A692C3 /* RegisterViewController.swift in Sources */,
			);
			runOnlyForDeploymentPostprocessing = 0;
		};
/* End PBXSourcesBuildPhase section */

/* Begin PBXVariantGroup section */
		D3C848D227BF78390095C705 /* Main.storyboard */ = {
			isa = PBXVariantGroup;
			children = (
				D3C848D327BF78390095C705 /* Base */,
			);
			name = Main.storyboard;
			sourceTree = "<group>";
		};
		D3C848D727BF783B0095C705 /* LaunchScreen.storyboard */ = {
			isa = PBXVariantGroup;
			children = (
				D3C848D827BF783B0095C705 /* Base */,
			);
			name = LaunchScreen.storyboard;
			sourceTree = "<group>";
		};
/* End PBXVariantGroup section */

/* Begin XCBuildConfiguration section */
		D3C848DB27BF783B0095C705 /* Debug */ = {
			isa = XCBuildConfiguration;
			buildSettings = {
				ALWAYS_SEARCH_USER_PATHS = NO;
				CLANG_ANALYZER_NONNULL = YES;
				CLANG_ANALYZER_NUMBER_OBJECT_CONVERSION = YES_AGGRESSIVE;
				CLANG_CXX_LANGUAGE_STANDARD = "gnu++17";
				CLANG_CXX_LIBRARY = "libc++";
				CLANG_ENABLE_MODULES = YES;
				CLANG_ENABLE_OBJC_ARC = YES;
				CLANG_ENABLE_OBJC_WEAK = YES;
				CLANG_WARN_BLOCK_CAPTURE_AUTORELEASING = YES;
				CLANG_WARN_BOOL_CONVERSION = YES;
				CLANG_WARN_COMMA = YES;
				CLANG_WARN_CONSTANT_CONVERSION = YES;
				CLANG_WARN_DEPRECATED_OBJC_IMPLEMENTATIONS = YES;
				CLANG_WARN_DIRECT_OBJC_ISA_USAGE = YES_ERROR;
				CLANG_WARN_DOCUMENTATION_COMMENTS = YES;
				CLANG_WARN_EMPTY_BODY = YES;
				CLANG_WARN_ENUM_CONVERSION = YES;
				CLANG_WARN_INFINITE_RECURSION = YES;
				CLANG_WARN_INT_CONVERSION = YES;
				CLANG_WARN_NON_LITERAL_NULL_CONVERSION = YES;
				CLANG_WARN_OBJC_IMPLICIT_RETAIN_SELF = YES;
				CLANG_WARN_OBJC_LITERAL_CONVERSION = YES;
				CLANG_WARN_OBJC_ROOT_CLASS = YES_ERROR;
				CLANG_WARN_QUOTED_INCLUDE_IN_FRAMEWORK_HEADER = YES;
				CLANG_WARN_RANGE_LOOP_ANALYSIS = YES;
				CLANG_WARN_STRICT_PROTOTYPES = YES;
				CLANG_WARN_SUSPICIOUS_MOVE = YES;
				CLANG_WARN_UNGUARDED_AVAILABILITY = YES_AGGRESSIVE;
				CLANG_WARN_UNREACHABLE_CODE = YES;
				CLANG_WARN__DUPLICATE_METHOD_MATCH = YES;
				COPY_PHASE_STRIP = NO;
				DEBUG_INFORMATION_FORMAT = dwarf;
				ENABLE_STRICT_OBJC_MSGSEND = YES;
				ENABLE_TESTABILITY = YES;
				GCC_C_LANGUAGE_STANDARD = gnu11;
				GCC_DYNAMIC_NO_PIC = NO;
				GCC_NO_COMMON_BLOCKS = YES;
				GCC_OPTIMIZATION_LEVEL = 0;
				GCC_PREPROCESSOR_DEFINITIONS = (
					"DEBUG=1",
					"$(inherited)",
				);
				GCC_WARN_64_TO_32_BIT_CONVERSION = YES;
				GCC_WARN_ABOUT_RETURN_TYPE = YES_ERROR;
				GCC_WARN_UNDECLARED_SELECTOR = YES;
				GCC_WARN_UNINITIALIZED_AUTOS = YES_AGGRESSIVE;
				GCC_WARN_UNUSED_FUNCTION = YES;
				GCC_WARN_UNUSED_VARIABLE = YES;
				IPHONEOS_DEPLOYMENT_TARGET = 15.2;
				MTL_ENABLE_DEBUG_INFO = INCLUDE_SOURCE;
				MTL_FAST_MATH = YES;
				ONLY_ACTIVE_ARCH = YES;
				SDKROOT = iphoneos;
				SWIFT_ACTIVE_COMPILATION_CONDITIONS = DEBUG;
				SWIFT_OPTIMIZATION_LEVEL = "-Onone";
			};
			name = Debug;
		};
		D3C848DC27BF783B0095C705 /* Release */ = {
			isa = XCBuildConfiguration;
			buildSettings = {
				ALWAYS_SEARCH_USER_PATHS = NO;
				CLANG_ANALYZER_NONNULL = YES;
				CLANG_ANALYZER_NUMBER_OBJECT_CONVERSION = YES_AGGRESSIVE;
				CLANG_CXX_LANGUAGE_STANDARD = "gnu++17";
				CLANG_CXX_LIBRARY = "libc++";
				CLANG_ENABLE_MODULES = YES;
				CLANG_ENABLE_OBJC_ARC = YES;
				CLANG_ENABLE_OBJC_WEAK = YES;
				CLANG_WARN_BLOCK_CAPTURE_AUTORELEASING = YES;
				CLANG_WARN_BOOL_CONVERSION = YES;
				CLANG_WARN_COMMA = YES;
				CLANG_WARN_CONSTANT_CONVERSION = YES;
				CLANG_WARN_DEPRECATED_OBJC_IMPLEMENTATIONS = YES;
				CLANG_WARN_DIRECT_OBJC_ISA_USAGE = YES_ERROR;
				CLANG_WARN_DOCUMENTATION_COMMENTS = YES;
				CLANG_WARN_EMPTY_BODY = YES;
				CLANG_WARN_ENUM_CONVERSION = YES;
				CLANG_WARN_INFINITE_RECURSION = YES;
				CLANG_WARN_INT_CONVERSION = YES;
				CLANG_WARN_NON_LITERAL_NULL_CONVERSION = YES;
				CLANG_WARN_OBJC_IMPLICIT_RETAIN_SELF = YES;
				CLANG_WARN_OBJC_LITERAL_CONVERSION = YES;
				CLANG_WARN_OBJC_ROOT_CLASS = YES_ERROR;
				CLANG_WARN_QUOTED_INCLUDE_IN_FRAMEWORK_HEADER = YES;
				CLANG_WARN_RANGE_LOOP_ANALYSIS = YES;
				CLANG_WARN_STRICT_PROTOTYPES = YES;
				CLANG_WARN_SUSPICIOUS_MOVE = YES;
				CLANG_WARN_UNGUARDED_AVAILABILITY = YES_AGGRESSIVE;
				CLANG_WARN_UNREACHABLE_CODE = YES;
				CLANG_WARN__DUPLICATE_METHOD_MATCH = YES;
				COPY_PHASE_STRIP = NO;
				DEBUG_INFORMATION_FORMAT = "dwarf-with-dsym";
				ENABLE_NS_ASSERTIONS = NO;
				ENABLE_STRICT_OBJC_MSGSEND = YES;
				GCC_C_LANGUAGE_STANDARD = gnu11;
				GCC_NO_COMMON_BLOCKS = YES;
				GCC_WARN_64_TO_32_BIT_CONVERSION = YES;
				GCC_WARN_ABOUT_RETURN_TYPE = YES_ERROR;
				GCC_WARN_UNDECLARED_SELECTOR = YES;
				GCC_WARN_UNINITIALIZED_AUTOS = YES_AGGRESSIVE;
				GCC_WARN_UNUSED_FUNCTION = YES;
				GCC_WARN_UNUSED_VARIABLE = YES;
				IPHONEOS_DEPLOYMENT_TARGET = 15.2;
				MTL_ENABLE_DEBUG_INFO = NO;
				MTL_FAST_MATH = YES;
				SDKROOT = iphoneos;
				SWIFT_COMPILATION_MODE = wholemodule;
				SWIFT_OPTIMIZATION_LEVEL = "-O";
				VALIDATE_PRODUCT = YES;
			};
			name = Release;
		};
		D3C848DE27BF783B0095C705 /* Debug */ = {
			isa = XCBuildConfiguration;
			baseConfigurationReference = 7EC942E0BCD0DA4B8201471B /* Pods-iOS POC.debug.xcconfig */;
			buildSettings = {
				ASSETCATALOG_COMPILER_APPICON_NAME = AppIcon;
				ASSETCATALOG_COMPILER_GLOBAL_ACCENT_COLOR_NAME = AccentColor;
				CODE_SIGN_IDENTITY = "Apple Development";
				CODE_SIGN_STYLE = Automatic;
				CURRENT_PROJECT_VERSION = 1;
				DEVELOPMENT_TEAM = N4N795H35D;
				GENERATE_INFOPLIST_FILE = YES;
				INFOPLIST_FILE = "iOS POC/Info.plist";
				INFOPLIST_KEY_NSLocationWhenInUseUsageDescription = "Allow location access for geofencing goodness";
				INFOPLIST_KEY_UIApplicationSupportsIndirectInputEvents = YES;
				INFOPLIST_KEY_UILaunchStoryboardName = LaunchScreen;
				INFOPLIST_KEY_UIMainStoryboardFile = Main;
				INFOPLIST_KEY_UISupportedInterfaceOrientations = UIInterfaceOrientationPortrait;
				INFOPLIST_KEY_UISupportedInterfaceOrientations_iPad = "UIInterfaceOrientationPortrait UIInterfaceOrientationPortraitUpsideDown UIInterfaceOrientationLandscapeLeft UIInterfaceOrientationLandscapeRight";
				INFOPLIST_KEY_UISupportedInterfaceOrientations_iPhone = "UIInterfaceOrientationPortrait UIInterfaceOrientationLandscapeLeft UIInterfaceOrientationLandscapeRight";
				IPHONEOS_DEPLOYMENT_TARGET = 14.0;
				LD_RUNPATH_SEARCH_PATHS = (
					"$(inherited)",
					"@executable_path/Frameworks",
				);
				MARKETING_VERSION = 1.0;
				PRODUCT_BUNDLE_IDENTIFIER = "com.gadgeon.iOS-POC";
				PRODUCT_NAME = "$(TARGET_NAME)";
				PROVISIONING_PROFILE_SPECIFIER = "";
				SWIFT_EMIT_LOC_STRINGS = YES;
				SWIFT_VERSION = 5.0;
				TARGETED_DEVICE_FAMILY = "1,2";
			};
			name = Debug;
		};
		D3C848DF27BF783B0095C705 /* Release */ = {
			isa = XCBuildConfiguration;
			baseConfigurationReference = 02B04DF70FA53D16855AFC6C /* Pods-iOS POC.release.xcconfig */;
			buildSettings = {
				ASSETCATALOG_COMPILER_APPICON_NAME = AppIcon;
				ASSETCATALOG_COMPILER_GLOBAL_ACCENT_COLOR_NAME = AccentColor;
				CODE_SIGN_IDENTITY = "Apple Development";
				CODE_SIGN_STYLE = Automatic;
				CURRENT_PROJECT_VERSION = 1;
				DEVELOPMENT_TEAM = N4N795H35D;
				GENERATE_INFOPLIST_FILE = YES;
				INFOPLIST_FILE = "iOS POC/Info.plist";
				INFOPLIST_KEY_NSLocationWhenInUseUsageDescription = "Allow location access for geofencing goodness";
				INFOPLIST_KEY_UIApplicationSupportsIndirectInputEvents = YES;
				INFOPLIST_KEY_UILaunchStoryboardName = LaunchScreen;
				INFOPLIST_KEY_UIMainStoryboardFile = Main;
				INFOPLIST_KEY_UISupportedInterfaceOrientations = UIInterfaceOrientationPortrait;
				INFOPLIST_KEY_UISupportedInterfaceOrientations_iPad = "UIInterfaceOrientationPortrait UIInterfaceOrientationPortraitUpsideDown UIInterfaceOrientationLandscapeLeft UIInterfaceOrientationLandscapeRight";
				INFOPLIST_KEY_UISupportedInterfaceOrientations_iPhone = "UIInterfaceOrientationPortrait UIInterfaceOrientationLandscapeLeft UIInterfaceOrientationLandscapeRight";
				IPHONEOS_DEPLOYMENT_TARGET = 14.0;
				LD_RUNPATH_SEARCH_PATHS = (
					"$(inherited)",
					"@executable_path/Frameworks",
				);
				MARKETING_VERSION = 1.0;
				PRODUCT_BUNDLE_IDENTIFIER = "com.gadgeon.iOS-POC";
				PRODUCT_NAME = "$(TARGET_NAME)";
				PROVISIONING_PROFILE_SPECIFIER = "";
				SWIFT_EMIT_LOC_STRINGS = YES;
				SWIFT_VERSION = 5.0;
				TARGETED_DEVICE_FAMILY = "1,2";
			};
			name = Release;
		};
/* End XCBuildConfiguration section */

/* Begin XCConfigurationList section */
		D3C848C427BF78390095C705 /* Build configuration list for PBXProject "iOS POC" */ = {
			isa = XCConfigurationList;
			buildConfigurations = (
				D3C848DB27BF783B0095C705 /* Debug */,
				D3C848DC27BF783B0095C705 /* Release */,
			);
			defaultConfigurationIsVisible = 0;
			defaultConfigurationName = Release;
		};
		D3C848DD27BF783B0095C705 /* Build configuration list for PBXNativeTarget "iOS POC" */ = {
			isa = XCConfigurationList;
			buildConfigurations = (
				D3C848DE27BF783B0095C705 /* Debug */,
				D3C848DF27BF783B0095C705 /* Release */,
			);
			defaultConfigurationIsVisible = 0;
			defaultConfigurationName = Release;
		};
/* End XCConfigurationList section */
	};
	rootObject = D3C848C127BF78390095C705 /* Project object */;
}
